{
  "name": "mikrotik-orange-pi-manager",
  "version": "0.0.0",
  "lockfileVersion": 3,
  "requires": true,
  "packages": {
    "": {
      "name": "mikrotik-orange-pi-manager",
      "version": "0.0.0",
      "type": "module",
      "dependencies": {
        "@google/genai": "^1.15.0",
        "chart.js": "^4.5.0",
        "react": "^19.2.0",
        "react-chartjs-2": "^5.3.0",
        "react-dom": "^19.2.0",
        "recharts": "^2.12.7",
        "xterm": "5.3.0",
        "xterm-addon-fit": "0.8.0",
        "xterm-addon-web-links": "0.9.0"
      },
      "devDependencies": {
        "@types/node": "^22.14.0",
        "@types/react": "^18.3.3",
        "@types/react-dom": "^18.3.0",
        "@vitejs/plugin-react": "^4.3.1",
        "typescript": "^5.2.2",
        "vite": "^5.3.1"
      }
    },
    "node_modules/@babel/code-frame": {
      "version": "7.24.7",
      "resolved": "https://registry.npmjs.org/@babel/code-frame/-/code-frame-7.24.7.tgz",
      "integrity": "sha512-VUYb5+eP2Xg/Sgr2W22oo/rBb/T3bcrr3+s8d3mC+I8t2T1i+GFde3s2M+3dGfPempQ2j7Mvj+fXn8N6m8rP5g==",
      "dev": true,
      "license": "MIT",
      "dependencies": {
        "@babel/highlight": "^7.24.7",
        "chalk": "^2.4.2"
      },
      "engines": {
        "node": ">=6.9.0"
      }
    },
    "node_modules/@babel/compat-data": {
      "version": "7.24.7",
      "resolved": "https://registry.npmjs.org/@babel/compat-data/-/compat-data-7.24.7.tgz",
      "integrity": "sha512-m/e8nCq6iuzP+7k8kL+Rwm+2gY48u1G2U1G11w8zM/b4hGgaYotFxha55W8yWq2Bw0h5PIcYk9K3mP8lGv5gYQ==",
      "dev": true,
      "license": "MIT",
      "engines": {
        "node": ">=6.9.0"
      }
    },
    "node_modules/@babel/core": {
      "version": "7.24.7",
      "resolved": "https://registry.npmjs.org/@babel/core/-/core-7.24.7.tgz",
      "integrity": "sha512-RQRV3llCrA8YEAiW4En3eOX8e5n21sCq401gsMWczM46n3d/33w2aD9e6sKyq2XvHqt+V+V63BEi50259bS13g==",
      "dev": true,
      "license": "MIT",
      "dependencies": {
        "@babel/code-frame": "^7.24.7",
        "@babel/generator": "^7.24.7",
        "@babel/helper-compilation-targets": "^7.24.7",
        "@babel/helper-module-transforms": "^7.24.7",
        "@babel/helpers": "^7.24.7",
        "@babel/parser": "^7.24.7",
        "@babel/template": "^7.24.7",
        "@babel/traverse": "^7.24.7",
        "@babel/types": "^7.24.7",
        "convert-source-map": "^2.0.0",
        "gensync": "^1.0.0-beta.2",
        "json5": "^2.2.3",
        "semver": "^6.3.1"
      },
      "engines": {
        "node": ">=6.9.0"
      },
      "funding": {
        "type": "opencollective",
        "url": "https://opencollective.com/babel"
      }
    },
    "node_modules/@babel/generator": {
      "version": "7.24.7",
      "resolved": "https://registry.npmjs.org/@babel/generator/-/generator-7.24.7.tgz",
      "integrity": "sha512-RzWkL1kffyrtDRUkSTV24I2MqdM34aDea5s6xeW5rqkOBFrkY0OFyQhc5hDNj55T0L21D4xtWxSWwR32MYyBdg==",
      "dev": true,
      "license": "MIT",
      "dependencies": {
        "@babel/types": "^7.24.7",
        "@jridgewell/gen-mapping": "^0.3.5",
        "jsesc": "^2.5.2"
      },
      "engines": {
        "node": ">=6.9.0"
      }
    },
    "node_modules/@babel/helper-compilation-targets": {
      "version": "7.24.7",
      "resolved": "https://registry.npmjs.org/@babel/helper-compilation-targets/-/helper-compilation-targets-7.24.7.tgz",
      "integrity": "sha512-s4kG0Cw462yF+tWdJ11o059xChDy8gM8uGzgAejP0sJyoV0gYR1tT5khN3u8ZoGL0Q4h9n/kQ7b+6oEDrD8Kxg==",
      "dev": true,
      "license": "MIT",
      "dependencies": {
        "@babel/compat-data": "^7.24.7",
        "@babel/helper-validator-option": "^7.24.7",
        "browserslist": "^4.23.0",
        "lru-cache": "^5.1.1",
        "semver": "^6.3.1"
      },
      "engines": {
        "node": ">=6.9.0"
      },
      "peerDependencies": {
        "electron-to-chromium": "*"
      },
      "peerDependenciesMeta": {
        "electron-to-chromium": {
          "optional": true
        }
      }
    },
    "node_modules/@babel/helper-environment-visitor": {
      "version": "7.22.20",
      "resolved": "https://registry.npmjs.org/@babel/helper-environment-visitor/-/helper-environment-visitor-7.22.20.tgz",
      "integrity": "sha512-zfed1mEaF0a/3B8xVER9bQourRG3wFp4Fl2H2ls2TfI9i232s2c6QOCYCC45M/O1e2Gwq8e8K22/oZ3s2J+nGA==",
      "dev": true,
      "license": "MIT",
      "engines": {
        "node": ">=6.9.0"
      }
    },
    "node_modules/@babel/helper-function-name": {
      "version": "7.24.7",
      "resolved": "https://registry.npmjs.org/@babel/helper-function-name/-/helper-function-name-7.24.7.tgz",
      "integrity": "sha512-Z5e2uI+QEb52mJt234uT33o3k/nADpD3K8L6c7qK2b7wT9Lp4Qv0/+AFZce8yvm3g/tJg75y1w9e4g==",
      "dev": true,
      "license": "MIT",
      "dependencies": {
        "@babel/template": "^7.24.7",
        "@babel/types": "^7.24.7"
      },
      "engines": {
        "node": ">=6.9.0"
      }
    },
    "node_modules/@babel/helper-hoist-variables": {
      "version": "7.22.5",
      "resolved": "https://registry.npmjs.org/@babel/helper-hoist-variables/-/helper-hoist-variables-7.22.5.tgz",
      "integrity": "sha512-wGjk9QZVzvknA6y22iB3a8B2gkb3c7XyA22/B3f8Jj13e64SXTjK2JebdN9e+pB+bL20Yk2Z4itKxT2Xo9w4lA==",
      "dev": true,
      "license": "MIT",
      "dependencies": {
        "@babel/types": "^7.22.5"
      },
      "engines": {
        "node": ">=6.9.0"
      }
    },
    "node_modules/@babel/helper-module-imports": {
      "version": "7.24.7",
      "resolved": "https://registry.npmjs.org/@babel/helper-module-imports/-/helper-module-imports-7.24.7.tgz",
      "integrity": "sha512-4C/XlC/m+Y+j049c5Gyl58B0iR6y2//0xx3j9/414bB5L/LIPs9O26Tf8M4JOsL5x9N26e/ZW3i1nZ/aMokwA==",
      "dev": true,
      "license": "MIT",
      "dependencies": {
        "@babel/types": "^7.24.7"
      },
      "engines": {
        "node": ">=6.9.0"
      }
    },
    "node_modules/@babel/helper-module-transforms": {
      "version": "7.24.7",
      "resolved": "https://registry.npmjs.org/@babel/helper-module-transforms/-/helper-module-transforms-7.24.7.tgz",
      "integrity": "sha512-zH/s0sLdWMQh/sX7KzS425m52H/K+2eNnQGZwmXvI/j4RpHG3JcgNeBcca8tO0sYmG2SA0I7KTY215d/4tXg5w==",
      "dev": true,
      "license": "MIT",
      "dependencies": {
        "@babel/helper-environment-visitor": "^7.22.20",
        "@babel/helper-module-imports": "^7.24.7",
        "@babel/helper-simple-access": "^7.24.7",
        "@babel/helper-split-export-declaration": "^7.24.7",
        "@babel/helper-validator-identifier": "^7.24.7",
        "@babel/traverse": "^7.24.7",
        "@babel/types": "^7.24.7"
      },
      "engines": {
        "node": ">=6.9.0"
      },
      "peerDependencies": {
        "@babel/core": "^7.0.0"
      }
    },
    "node_modules/@babel/helper-plugin-utils": {
      "version": "7.24.7",
      "resolved": "https://registry.npmjs.org/@babel/helper-plugin-utils/-/helper-plugin-utils-7.24.7.tgz",
      "integrity": "sha512-3QDPihGFNi0ssY8oNins4ksk22H3X1HS3j1p2XfTga2Mv487tV6+/wsgDXN77fbXkvs142f9LdLy1TzTf2RE8g==",
      "dev": true,
      "license": "MIT",
      "engines": {
        "node": ">=6.9.0"
      }
    },
    "node_modules/@babel/helper-simple-access": {
      "version": "7.24.7",
      "resolved": "https://registry.npmjs.org/@babel/helper-simple-access/-/helper-simple-access-7.24.7.tgz",
      "integrity": "sha512-Y1jCwb5A+3jg3xugAijPqYhG2q/YfG5kso8Gf3b0N4f4p/Y8TNYJp6t4pXQ2Jg62TM7bnjF7C5rXo1f2LhWcA==",
      "dev": true,
      "license": "MIT",
      "dependencies": {
        "@babel/types": "^7.24.7"
      },
      "engines": {
        "node": ">=6.9.0"
      }
    },
    "node_modules/@babel/helper-split-export-declaration": {
      "version": "7.24.7",
      "resolved": "https://registry.npmjs.org/@babel/helper-split-export-declaration/-/helper-split-export-declaration-7.24.7.tgz",
      "integrity": "sha512-YmPoC0yQoM2ehmK5s/fT5+yK0v7bBtfuM13M/LwY3R6gTmlkbF9o4/L12aZDUWsm6m32b3dD4b/on8s4tHCaUg==",
      "dev": true,
      "license": "MIT",
      "dependencies": {
        "@babel/types": "^7.24.7"
      },
      "engines": {
        "node": ">=6.9.0"
      }
    },
    "node_modules/@babel/helper-string-parser": {
      "version": "7.24.7",
      "resolved": "https://registry.npmjs.org/@babel/helper-string-parser/-/helper-string-parser-7.24.7.tgz",
      "integrity": "sha512-J300P9bQ3jP6xtuTo4y4O42Cgrr5IChmQdwK/CXn1e20rgz2AFLWRwJFRKp1p12vj2b82KxWd0+l/+10e5pYDQ==",
      "dev": true,
      "license": "MIT",
      "engines": {
        "node": ">=6.9.0"
      }
    },
    "node_modules/@babel/helper-validator-identifier": {
      "version": "7.24.7",
      "resolved": "https://registry.npmjs.org/@babel/helper-validator-identifier/-/helper-validator-identifier-7.24.7.tgz",
      "integrity": "sha512-85KzPSoFe7/HCY0TOg2p5BjiUu3Bqbxo9p8i2PjwTmdgC3xlS/98x9p3r5f2Xl+Y2W+qkWkfaQe4Lgc+v6z21w==",
      "dev": true,
      "license": "MIT",
      "engines": {
        "node": ">=6.9.0"
      }
    },
    "node_modules/@babel/helper-validator-option": {
      "version": "7.24.7",
      "resolved": "https://registry.npmjs.org/@babel/helper-validator-option/-/helper-validator-option-7.24.7.tgz",
      "integrity": "sha512-n3gM/5K07/ABJ8TB5bAC6oOMwDG2+t0ghx2mOR2KRD7yOOC9nxa31MK1pZHXzZuL4b4wdd+z5Lg1W/sD0iA3Lg==",
      "dev": true,
      "license": "MIT",
      "engines": {
        "node": ">=6.9.0"
      }
    },
    "node_modules/@babel/helpers": {
      "version": "7.24.7",
      "resolved": "https://registry.npmjs.org/@babel/helpers/-/helpers-7.24.7.tgz",
      "integrity": "sha512-XlEuKAU24bVO7oPgaYCMDs4A3b5rl6ydaAg3oKbb4xIuRvtBfvT3+RFpD/m0y9Yyv2wGkBgk/LzT4bT8EtxRmA==",
      "dev": true,
      "license": "MIT",
      "dependencies": {
        "@babel/template": "^7.24.7",
        "@babel/traverse": "^7.24.7",
        "@babel/types": "^7.24.7"
      },
      "engines": {
        "node": ">=6.9.0"
      }
    },
    "node_modules/@babel/highlight": {
      "version": "7.24.7",
      "resolved": "https://registry.npmjs.org/@babel/highlight/-/highlight-7.24.7.tgz",
      "integrity": "sha512-pL+kG3rtp5iP0a5MTRo1g089vF8C5+gYSg20yqt9D2sjrR5up2HAbk/feqn7M8kK251rD9+HM57Pz1+KxT4hQQ==",
      "dev": true,
      "license": "MIT",
      "dependencies": {
        "@babel/helper-validator-identifier": "^7.24.7",
        "chalk": "^2.4.2",
        "js-tokens": "^4.0.0"
      },
      "engines": {
        "node": ">=6.9.0"
      }
    },
    "node_modules/@babel/parser": {
      "version": "7.24.7",
      "resolved": "https://registry.npmjs.org/@babel/parser/-/parser-7.24.7.tgz",
      "integrity": "sha512-IuY8BlVnKyf6M4iFslv49i7o8zu4N9iYJpY0B54r1vSj5gA5zdsPaSOI8/bS2Q21y+SLaE7yL5k3+Y+qV3zV3g==",
      "dev": true,
      "license": "MIT",
      "dependencies": {
        "@babel/types": "^7.24.7"
      },
      "bin": {
        "parser": "bin/babel-parser.js"
      },
      "engines": {
        "node": ">=6.0.0"
      }
    },
    "node_modules/@babel/plugin-transform-react-jsx": {
      "version": "7.24.7",
      "resolved": "https://registry.npmjs.org/@babel/plugin-transform-react-jsx/-/plugin-transform-react-jsx-7.24.7.tgz",
      "integrity": "sha512-yJgN+s2EwYhD5fA9zC4tA33wO96iLqf5o4gmVCMoT1XhF3LJxRUQo0sYlP/5a+X8Ea3BSk/y8S06m7xT2235A==",
      "dev": true,
      "license": "MIT",
      "dependencies": {
        "@babel/helper-annotate-as-pure": "^7.24.7",
        "@babel/helper-module-imports": "^7.24.7",
        "@babel/helper-plugin-utils": "^7.24.7",
        "@babel/plugin-syntax-jsx": "^7.24.7",
        "@babel/types": "^7.24.7"
      },
      "engines": {
        "node": ">=6.9.0"
      },
      "peerDependencies": {
        "@babel/core": "^7.0.0-0"
      }
    },
    "node_modules/@babel/plugin-syntax-jsx": {
      "version": "7.24.7",
      "resolved": "https://registry.npmjs.org/@babel/plugin-syntax-jsx/-/plugin-syntax-jsx-7.24.7.tgz",
      "integrity": "sha512-Y1zO523Qd1Y1vyeOEqnA+dYfys+G0e+QQRU+W25pZND2yD+d82t/p/B3lDN9D2LgJIEma3QlA0F5M1wAM7MyXA==",
      "dev": true,
      "license": "MIT",
      "dependencies": {
        "@babel/helper-plugin-utils": "^7.24.7"
      },
      "engines": {
        "node": ">=6.9.0"
      },
      "peerDependencies": {
        "@babel/core": "^7.0.0-0"
      }
    },
    "node_modules/@babel/template": {
      "version": "7.24.7",
      "resolved": "https://registry.npmjs.org/@babel/template/-/template-7.24.7.tgz",
      "integrity": "sha512-XkPin4fLMMUCGVK4S8Oa9YpLgYpEzo2E1uM1p9aXpATbcy6bU2hV1PHpB5R/Xk3SSk/+jJ5K+2h8r5N1FYgWZQ==",
      "dev": true,
      "license": "MIT",
      "dependencies": {
        "@babel/code-frame": "^7.24.7",
        "@babel/parser": "^7.24.7",
        "@babel/types": "^7.24.7"
      },
      "engines": {
        "node": ">=6.9.0"
      }
    },
    "node_modules/@babel/traverse": {
      "version": "7.24.7",
      "resolved": "https://registry.npmjs.org/@babel/traverse/-/traverse-7.24.7.tgz",
      "integrity": "sha512-yG4DMPiB9hPUN7P/ixyW+8x8v5c/5s3wAuitfJ2kYwA5n4vQ/uVTy/u8SGl14jE+T/H/ePv2225m/n23b0GBbg==",
      "dev": true,
      "license": "MIT",
      "dependencies": {
        "@babel/code-frame": "^7.24.7",
        "@babel/generator": "^7.24.7",
        "@babel/helper-environment-visitor": "^7.22.20",
        "@babel/helper-function-name": "^7.24.7",
        "@babel/helper-hoist-variables": "^7.22.5",
        "@babel/helper-split-export-declaration": "^7.24.7",
        "@babel/parser": "^7.24.7",
        "@babel/types": "^7.24.7",
        "debug": "^4.1.0",
        "globals": "^11.1.0"
      },
      "engines": {
        "node": ">=6.9.0"
      }
    },
    "node_modules/@babel/types": {
      "version": "7.24.7",
      "resolved": "https://registry.npmjs.org/@babel/types/-/types-7.24.7.tgz",
      "integrity": "sha512-aA4u4zUf3TvDwQy+TAH33KFPgeVuS3+hM/Vr22502z8hD7dKgXDPsSdqC7K9J6eDSRwT7pUu5N9L6G5Vsdgzlg==",
      "dev": true,
      "license": "MIT",
      "dependencies": {
        "@babel/helper-string-parser": "^7.24.7",
        "@babel/helper-validator-identifier": "^7.24.7"
      },
      "engines": {
        "node": ">=6.9.0"
      }
    },
    "node_modules/@google/genai": {
      "version": "1.22.0",
      "resolved": "https://registry.npmjs.org/@google/genai/-/genai-1.22.0.tgz",
      "integrity": "sha512-siETS3zTm3EGpTT4+BFc1z20xXBYfueD3gCYfxkOjuAKRk8lt8TJevDHi3zepn1oSI6NhG/LZvy0i+Q3qheObg==",
      "license": "Apache-2.0",
      "dependencies": {
        "google-auth-library": "^9.14.2",
        "ws": "^8.18.0"
      },
      "engines": {
        "node": ">=20.0.0"
      },
      "peerDependencies": {
        "@modelcontextprotocol/sdk": "^1.11.4"
      },
      "peerDependenciesMeta": {
        "@modelcontextprotocol/sdk": {
          "optional": true
        }
      }
    },
    "node_modules/@jridgewell/gen-mapping": {
      "version": "0.3.5",
      "resolved": "https://registry.npmjs.org/@jridgewell/gen-mapping/-/gen-mapping-0.3.5.tgz",
      "integrity": "sha512-IXb22/+c2FjdfnaSt9wL/AVg1S983y1S5b3+aVM28nNfF9ylpU22K8462s22bEe/4tqSGNr5SPo/EDs1eI8yZQ==",
      "dev": true,
      "license": "MIT",
      "dependencies": {
        "@jridgewell/set-array": "^1.2.0",
        "@jridgewell/sourcemap-codec": "^1.5.0"
      },
      "engines": {
        "node": ">=6.0.0"
      }
    },
    "node_modules/@jridgewell/resolve-uri": {
      "version": "3.1.2",
      "resolved": "https://registry.npmjs.org/@jridgewell/resolve-uri/-/resolve-uri-3.1.2.tgz",
      "integrity": "sha512-bRISgCIjP20/tbWSPWMEi54QVPRZExkuD9lJL+UIxUKtwVJA8wW1Trb1jMs1RFXo1CBTNZ/5hpC9QvmKWdopKw==",
      "dev": true,
      "license": "MIT",
      "engines": {
        "node": ">=6.0.0"
      }
    },
    "node_modules/@jridgewell/set-array": {
      "version": "1.2.0",
      "resolved": "https://registry.npmjs.org/@jridgewell/set-array/-/set-array-1.2.0.tgz",
      "integrity": "sha512-/A2+2VLO1D1sIiwpW59zLUnY366v756R27Y6o4m3u2p+AmuUXllH5jsuN4T8/OwpduoMZdawgp6tO4s1GkGk0g==",
      "dev": true,
      "license": "MIT",
      "engines": {
        "node": ">=6.0.0"
      }
    },
    "node_modules/@jridgewell/sourcemap-codec": {
      "version": "1.5.0",
      "resolved": "https://registry.npmjs.org/@jridgewell/sourcemap-codec/-/sourcemap-codec-1.5.0.tgz",
      "integrity": "sha512-U2Qp3R2O/DMMT2sL24Q3k12u/o0/y9o4P2XUr0GrbMqwzVl8t/dKSs281xP3/A4gP01wD5zP+HiQSlzspA2sA==",
      "dev": true,
      "license": "MIT"
    },
    "node_modules/@jridgewell/trace-mapping": {
      "version": "0.3.25",
      "resolved": "https://registry.npmjs.org/@jridgewell/trace-mapping/-/trace-mapping-0.3.25.tgz",
      "integrity": "sha512-vNk6aE5+2K2/s+L6+3ALEh5DR5aB4c13yBogDxx+z5JWpW92A32S2S/m4t322/2a2eG1z3a/kOqyo+9f2r7+g==",
      "dev": true,
      "license": "MIT",
      "dependencies": {
        "@jridgewell/resolve-uri": "^3.1.2",
        "@jridgewell/sourcemap-codec": "^1.5.0"
      }
    },
    "node_modules/@kurkle/color": {
      "version": "0.3.2",
      "resolved": "https://registry.npmjs.org/@kurkle/color/-/color-0.3.2.tgz",
      "integrity": "sha512-fuscdXJ9G1qb7W8VdHi+fgYoI+2DNI2CJCI5QP1IqY1sX2yHHOmd62aA9F2h/I565fSfkuhhr3Iah3Hcl2pkjg==",
      "license": "MIT"
    },
    "node_modules/@types/babel__core": {
      "version": "7.20.5",
      "resolved": "https://registry.npmjs.org/@types/babel__core/-/babel__core-7.20.5.tgz",
      "integrity": "sha512-qoQprZvz5wQFJwMDqeseRXWv3rqMvhgpbXFfVyWhbx9X47POIA6i/+dXefEmZKoAgOaTdaIgNSMqMIU61yRyzA==",
      "dev": true,
      "license": "MIT",
      "dependencies": {
        "@babel/parser": "^7.20.7",
        "@babel/types": "^7.20.7",
        "@types/babel__generator": "*",
        "@types/babel__template": "*",
        "@types/babel__traverse": "*"
      }
    },
    "node_modules/@types/babel__generator": {
      "version": "7.6.8",
      "resolved": "https://registry.npmjs.org/@types/babel__generator/-/babel__generator-7.6.8.tgz",
      "integrity": "sha512-3NOhgnwb39yLRp5o2Qdo5/5t2sNJ2s8TThg/Xv57l25J+8s/+5Mfn/7J8JmPQtQ23b/ovXQ3lt3Q/6G86uL6Vw==",
      "dev": true,
      "license": "MIT",
      "dependencies": {
        "@babel/types": "^7.0.0"
      }
    },
    "node_modules/@types/babel__template": {
      "version": "7.4.4",
      "resolved": "https://registry.npmjs.org/@types/babel__template/-/babel__template-7.4.4.tgz",
      "integrity": "sha512-h/NUaSyG5EyxBIp8YRxo4RMe2/qQgvyowRwVMzhYhBCONbW8PUsg4lkFMrhgZhUe5z3L3MiLDuvyJ/CaPa2A8A==",
      "dev": true,
      "license": "MIT",
      "dependencies": {
        "@babel/parser": "^7.1.0",
        "@babel/types": "^7.0.0"
      }
    },
    "node_modules/@types/babel__traverse": {
      "version": "7.20.5",
      "resolved": "https://registry.npmjs.org/@types/babel__traverse/-/babel__traverse-7.20.5.tgz",
      "integrity": "sha512-w7JTbK23j2e5Y/GoDB9Sfl4G0sttPDx2iP9ztO1zgrhAmG8HlP+fB1D/g2WW+8WJgEDsoP2MvtrhDQP0n2Y+jw==",
      "dev": true,
      "license": "MIT",
      "dependencies": {
        "@babel/types": "^7.20.5"
      }
    },
    "node_modules/@types/d3-array": {
      "version": "3.2.1",
      "resolved": "https://registry.npmjs.org/@types/d3-array/-/d3-array-3.2.1.tgz",
      "integrity": "sha512-VvCg+Gq4+wL5E0X2/B6jMcYo3/JRolc/O2f8I5nLd2XUfFjI+93kHnEDsBvlFw8b9Iu4rAd10t4M/+a3dYfXwQ==",
      "license": "MIT"
    },
    "node_modules/@types/d3-color": {
      "version": "3.1.3",
      "resolved": "https://registry.npmjs.org/@types/d3-color/-/d3-color-3.1.3.tgz",
      "integrity": "sha512-iO90scth9WAbmgv7ogoq57O9YpKmFBbmoEoCHDB2xMBY0+/KVrqAaCDyCE16dUspeOvIxFFRI+0sEtqDqy2b4A==",
      "license": "MIT"
    },
    "node_modules/@types/d3-ease": {
      "version": "3.0.2",
      "resolved": "https://registry.npmjs.org/@types/d3-ease/-/d3-ease-3.0.2.tgz",
      "integrity": "sha512-NcV1JjO5oDzoK26oMzbILE6HW7uVXOHLQvHshBUW4UMdZGfiY6v5BeQwh9a9tCzv+CeefZQHJt5SRgK154RtiA==",
      "license": "MIT"
    },
    "node_modules/@types/d3-interpolate": {
      "version": "3.0.4",
      "resolved": "https://registry.npmjs.org/@types/d3-interpolate/-/d3-interpolate-3.0.4.tgz",
      "integrity": "sha512-mgLPETlrpVV1YRJIglr4Ez47g7Yxjl1lj7YKsiMCb27VJH9W8NVM6Bb9d8kkpG/uAQS5AmbA48q2IAolKKo1MA==",
      "license": "MIT",
      "dependencies": {
        "@types/d3-color": "*"
      }
    },
    "node_modules/@types/d3-path": {
      "version": "3.1.1",
      "resolved": "https://registry.npmjs.org/@types/d3-path/-/d3-path-3.1.1.tgz",
      "integrity": "sha512-VMZBYyQvbGmWyWVea0EHs/BwLgxc+MKi1zLDCONksozI4YJMcTt8ZEuIR4Sb1MMTE8MMW49v0IwI5+b7RmfWlg==",
      "license": "MIT"
    },
    "node_modules/@types/d3-scale": {
      "version": "4.0.8",
      "resolved": "https://registry.npmjs.org/@types/d3-scale/-/d3-scale-4.0.8.tgz",
      "integrity": "sha512-q+f/s4y/tFqFGUQtnS6BQIjGA2Ytr5c8FCS+Kz7c6SPbOyIf/P3wg9kHkPDQ90T+bX/oVAj/opIFv3LgIghjWg==",
      "license": "MIT",
      "dependencies": {
        "@types/d3-array": "*",
        "@types/d3-color": "*",
        "@types/d3-format": "*",
        "@types/d3-interpolate": "*",
        "@types/d3-time": "*",
        "@types/d3-time-format": "*"
      }
    },
    "node_modules/@types/d3-shape": {
      "version": "3.1.6",
      "resolved": "https://registry.npmjs.org/@types/d3-shape/-/d3-shape-3.1.6.tgz",
      "integrity": "sha512-z+h/xL8G9bEcB2j1Ea/5z0L/2iFJMK1v+9P559Wefp6h/fJ37TOvLFl0Uj4Z75TcHkKx0yD4fH2kC9V8cEIMiA==",
      "license": "MIT",
      "dependencies": {
        "@types/d3-path": "*"
      }
    },
    "node_modules/@types/d3-time": {
      "version": "3.0.4",
      "resolved": "https://registry.npmjs.org/@types/d3-time/-/d3-time-3.0.4.tgz",
      "integrity": "sha512-yuzZug1nkAAaBlBBikKZTgzCeA+k1uy4ZFwWANOfKw5z5LRhV0gNA7gNkKm7HoK+HRN0wX3EkxGk0fpbWhmB7g==",
      "license": "MIT"
    },
    "node_modules/@types/d3-timer": {
      "version": "3.0.2",
      "resolved": "https://registry.npmjs.org/@types/d3-timer/-/d3-timer-3.0.2.tgz",
      "integrity": "sha512-Ps3T8E8dZDam6fUyNiMkekK3XUsaUEik+idO9/YjPtfj2qruF8tFBXS7XhtE4iIXBLxhmLjP3SXpLhVf21I9Lw==",
      "license": "MIT"
    },
    "node_modules/@types/node": {
      "version": "22.14.0",
      "resolved": "https://registry.npmjs.org/@types/node/-/node-22.14.0.tgz",
      "integrity": "sha512-bJ2/3T6M2UpQf+x2lqgXfAwaTIJ4zPnT26vKvLOrWp340T5XW00X0N89IqQjQfI/t4y7+sLt/s0h0D8+1Y2uYw==",
      "dev": true,
      "license": "MIT",
      "dependencies": {
        "undici-types": "~6.21.0"
      }
    },
    "node_modules/@types/prop-types": {
      "version": "15.7.12",
      "resolved": "https://registry.npmjs.org/@types/prop-types/-/prop-types-15.7.12.tgz",
      "integrity": "sha512-5zvhXYS3icfXQnS/TMy38KqtQ3bT132S3Qj21nC5B1Oj2y3Y8L3g03Uj2t923z435AL3IThbb5lZhd+4g5e4w==",
      "dev": true,
      "license": "MIT"
    },
    "node_modules/@types/react": {
      "version": "18.3.3",
      "resolved": "https://registry.npmjs.org/@types/react/-/react-18.3.3.tgz",
      "integrity": "sha512-hti/R0pS0q1/xx+TsI73S6SqvBEr9R2v9Ar+TBQ2bUgOpJZPjLG3X8GT3tCwP5qpj1q4D/wCNsXgI0i2Vwm4xw==",
      "dev": true,
      "license": "MIT",
      "dependencies": {
        "@types/prop-types": "*",
        "csstype": "^3.0.2"
      }
    },
    "node_modules/@types/react-dom": {
      "version": "18.3.0",
      "resolved": "https://registry.npmjs.org/@types/react-dom/-/react-dom-18.3.0.tgz",
      "integrity": "sha512-EhwEflTCItm8sBvQd6VHCvo2v9eN1cx37BynM5uEDp/wA/bX0m71GYc/V+IHqj3RUuA0teTNBjI9i51gJgBf3A==",
      "dev": true,
      "license": "MIT",
      "dependencies": {
        "@types/react": "*"
      }
    },
    "node_modules/@types/scheduler": {
      "version": "0.16.8",
      "resolved": "https://registry.npmjs.org/@types/scheduler/-/scheduler-0.16.8.tgz",
      "integrity": "sha512-yT2A9ZwfrxO22b90sQfx82/1zR12jV2D2e3js10j48m381e/21T2u22+5e9m4c2dG8v2/2m/3wzMv3/k/+P2w==",
      "dev": true,
      "license": "MIT"
    },
    "node_modules/@vitejs/plugin-react": {
      "version": "4.3.1",
      "resolved": "https://registry.npmjs.org/@vitejs/plugin-react/-/plugin-react-4.3.1.tgz",
      "integrity": "sha512-MABi+TzV29aB+GWyYq0v8j4hA/DBoNpcm8dnW3Kd7bVzYkYd/Bbxu2E2x2wP9OQ1l3b1Xb4DqS/z8E4D0+gNpw==",
      "dev": true,
      "license": "MIT",
      "dependencies": {
        "@babel/core": "^7.24.0",
        "@babel/plugin-transform-react-jsx": "^7.23.4",
        "@types/babel__core": "^7.20.5",
        "react-refresh": "^0.14.0"
      },
      "engines": {
        "node": "^18.0.0 || >=20.0.0"
      },
      "peerDependencies": {
        "vite": "^4.2.0 || ^5.0.0"
      }
    },
    "node_modules/agent-base": {
      "version": "7.1.1",
      "resolved": "https://registry.npmjs.org/agent-base/-/agent-base-7.1.1.tgz",
      "integrity": "sha512-2wKzD58p7pMOkK8OKY5v2Bf2Dm/imTVuBaw/U8hMxy8nd/u/6JTW50sM/L2CscyPjEnNlNDP66s/t7JKA8pX9g==",
      "license": "MIT",
      "engines": {
        "node": ">= 14"
      }
    },
    "node_modules/ansi-styles": {
      "version": "3.2.1",
      "resolved": "https://registry.npmjs.org/ansi-styles/-/ansi-styles-3.2.1.tgz",
      "integrity": "sha512-VT0ZI6kZRdTh8YyJw3SMbYm/u+NqfsAxEpWO0PfL48MoH2md3rkkpLBx4pf6hpX0pm9dhnn7MqdxEDDFMwUFYQ==",
      "dev": true,
      "license": "MIT",
      "dependencies": {
        "color-convert": "^1.9.0"
      },
      "engines": {
        "node": ">=4"
      }
    },
    "node_modules/base64-js": {
      "version": "1.5.1",
      "resolved": "https://registry.npmjs.org/base64-js/-/base64-js-1.5.1.tgz",
      "integrity": "sha512-AKpaYlHn8t4SVbOHCy+b5+KKgvR4vrsD8vbvrbiQJps7fKDTkjkDry6ji0rUJjC0kzbNePLwzxq8iypo41qeWA==",
      "funding": [
        {
          "type": "github",
          "url": "https://github.com/sponsors/feross"
        },
        {
          "type": "patreon",
          "url": "https://www.patreon.com/feross"
        },
        {
          "type": "consulting",
          "url": "https://feross.org/support"
        }
      ],
      "license": "MIT"
    },
    "node_modules/bignumber.js": {
      "version": "9.1.2",
      "resolved": "https://registry.npmjs.org/bignumber.js/-/bignumber.js-9.1.2.tgz",
      "integrity": "sha512-2/G6+h71f2a3T54hI39/kLwm9/ADlPxFg35s3Q5/6XkY0I23b/L2738w2A/2O+s29aJS6mE4n4ytg4rmg==",
      "license": "MIT",
      "engines": {
        "node": "*"
      }
    },
    "node_modules/browserslist": {
      "version": "4.23.2",
      "resolved": "https://registry.npmjs.org/browserslist/-/browserslist-4.23.2.tgz",
      "integrity": "sha512-I2N/pZQQP0n/eB2OFvKOCP7gGfN8T2Bp9aQ5jF5Y+t2KKTBmqD4rgrW0+0X/lXGgGg/G5uKUTM6Jz7e+d6eBsg==",
      "dev": true,
      "funding": [
        {
          "type": "opencollective",
          "url": "https://opencollective.com/browserslist"
        },
        {
          "type": "tidelift",
          "url": "https://tidelift.com/funding/github/npm/browserslist"
        },
        {
          "type": "github",
          "url": "https://github.com/sponsors/ai"
        }
      ],
      "license": "MIT",
      "dependencies": {
        "caniuse-lite": "^1.0.30001633",
        "electron-to-chromium": "^1.4.821",
        "node-releases": "^2.0.14",
        "update-browserslist-db": "^1.1.0"
      },
      "bin": {
        "browserslist": "cli.js"
      },
      "engines": {
        "node": "^6 || ^7 || ^8 || ^9 || ^10 || ^11 || ^12 || >=13.7"
      }
    },
    "node_modules/buffer-equal-constant-time": {
      "version": "1.0.1",
      "resolved": "https://registry.npmjs.org/buffer-equal-constant-time/-/buffer-equal-constant-time-1.0.1.tgz",
      "integrity": "sha512-zRpUiDwd/xk6ADqPMATG8vc9VPrkck7T07OIx0gnjmJAnHnTVXNQG3vfvWNuiZIkwu9KrKdA1iJKfsfTVxE6NA==",
      "license": "BSD-3-Clause"
    },
    "node_modules/caniuse-lite": {
      "version": "1.0.30001642",
      "resolved": "https://registry.npmjs.org/caniuse-lite/-/caniuse-lite-1.0.30001642.tgz",
      "integrity": "sha512-Ym1pP8S98S762S0UUXoKofYcEMc6H6QY9T+tTfs1Vhc3XvjtyG8Jbpl+f7VzM5wP8xGuK8g8p/x94gI0jGvFZw==",
      "dev": true,
      "funding": [
        {
          "type": "opencollective",
          "url": "https://opencollective.com/browserslist"
        },
        {
          "type": "tidelift",
          "url": "https://tidelift.com/funding/github/npm/caniuse-lite"
        },
        {
          "type": "github",
          "url": "https://github.com/sponsors/ai"
        }
      ],
      "license": "CC-BY-4.0"
    },
    "node_modules/chalk": {
      "version": "2.4.2",
      "resolved": "https://registry.npmjs.org/chalk/-/chalk-2.4.2.tgz",
      "integrity": "sha512-Mti+f9lpJNcwF4tWV8/OrTTzNTh4FRdRazK7v7OddsdDzBESEr+56ROWOhkeSqclSSgU2HGOI/2kMoA2JMCg1g==",
      "dev": true,
      "license": "MIT",
      "dependencies": {
        "ansi-styles": "^3.2.1",
        "escape-string-regexp": "^1.0.5",
        "supports-color": "^5.3.0"
      },
      "engines": {
        "node": ">=4"
      }
    },
    "node_modules/chart.js": {
      "version": "4.4.3",
      "resolved": "https://registry.npmjs.org/chart.js/-/chart.js-4.4.3.tgz",
      "integrity": "sha512-qKvbODVJdksH9oSLgM9FEnFpnOoO6A22ACa1KWALy8L6RxlpQo24HhXo8hKTTzG1JpC3sIe9IAoL8Dq2SpG0jQ==",
      "dependencies": {
        "@kurkle/color": "^0.3.2"
      },
      "engines": {
        "npm": ">=6.0.0"
      },
      "funding": {
        "type": "opencollective",
        "url": "https://opencollective.com/chartjs"
      },
      "license": "MIT"
    },
    "node_modules/color-convert": {
      "version": "1.9.3",
      "resolved": "https://registry.npmjs.org/color-convert/-/color-convert-1.9.3.tgz",
      "integrity": "sha512-QfAUtd+vFdAtFQhdpKz7v4yoGGRrsZebgflJp92listing continued...